
Microsoft Visual Studio Solution File, Format Version 12.00
# Visual Studio Version 16
VisualStudioVersion = 16.0.31112.23
MinimumVisualStudioVersion = 10.0.40219.1
Project("{FAE04EC0-301F-11D3-BF4B-00C04F79EFBC}") = "Baramin.Android", "Baramin\Baramin.Android\Baramin.Android.csproj", "{45741ECB-A8CC-4BCE-BC24-0335E8DD9E9E}"
EndProject
Project("{FAE04EC0-301F-11D3-BF4B-00C04F79EFBC}") = "Baramin", "Baramin\Baramin\Baramin.csproj", "{A3C5FF39-CC5B-489F-A5EC-B131B0AF32F4}"
EndProject
Global
	GlobalSection(SolutionConfigurationPlatforms) = preSolution
		Debug|Any CPU = Debug|Any CPU
		Release|Any CPU = Release|Any CPU
	EndGlobalSection
	GlobalSection(ProjectConfigurationPlatforms) = postSolution
		{45741ECB-A8CC-4BCE-BC24-0335E8DD9E9E}.Debug|Any CPU.ActiveCfg = Debug|Any CPU
		{45741ECB-A8CC-4BCE-BC24-0335E8DD9E9E}.Debug|Any CPU.Build.0 = Debug|Any CPU
		{45741ECB-A8CC-4BCE-BC24-0335E8DD9E9E}.Debug|Any CPU.Deploy.0 = Debug|Any CPU
		{45741ECB-A8CC-4BCE-BC24-0335E8DD9E9E}.Release|Any CPU.ActiveCfg = Release|Any CPU
		{45741ECB-A8CC-4BCE-BC24-0335E8DD9E9E}.Release|Any CPU.Build.0 = Release|Any CPU
		{45741ECB-A8CC-4BCE-BC24-0335E8DD9E9E}.Release|Any CPU.Deploy.0 = Release|Any CPU
		{A3C5FF39-CC5B-489F-A5EC-B131B0AF32F4}.Debug|Any CPU.ActiveCfg = Debug|Any CPU
		{A3C5FF39-CC5B-489F-A5EC-B131B0AF32F4}.Debug|Any CPU.Build.0 = Debug|Any CPU
		{A3C5FF39-CC5B-489F-A5EC-B131B0AF32F4}.Debug|Any CPU.Deploy.0 = Debug|Any CPU
		{A3C5FF39-CC5B-489F-A5EC-B131B0AF32F4}.Release|Any CPU.ActiveCfg = Release|Any CPU
		{A3C5FF39-CC5B-489F-A5EC-B131B0AF32F4}.Release|Any CPU.Build.0 = Release|Any CPU
		{A3C5FF39-CC5B-489F-A5EC-B131B0AF32F4}.Release|Any CPU.Deploy.0 = Release|Any CPU
	EndGlobalSection
	GlobalSection(SolutionProperties) = preSolution
		HideSolutionNode = FALSE
	EndGlobalSection
	GlobalSection(ExtensibilityGlobals) = postSolution
		SolutionGuid = {4B4C68B7-3B48-4455-964A-85EF4BBC8229}
	EndGlobalSection
EndGlobal
